
Microsoft Visual Studio Solution File, Format Version 12.00
# Visual Studio Version 17
VisualStudioVersion = 17.5.33424.131
MinimumVisualStudioVersion = 10.0.40219.1
Project("{9A19103F-16F7-4668-BE54-9A1E7A4F7556}") = "CustomTemplate.Module", "CustomTemplate.Module\CustomTemplate.Module.csproj", "{4D17202F-93B8-42A8-A9D6-36EE979C230B}"
EndProject
Project("{9A19103F-16F7-4668-BE54-9A1E7A4F7556}") = "CustomTemplate.Blazor.Server", "CustomTemplate.Blazor.Server\CustomTemplate.Blazor.Server.csproj", "{629BF421-CA10-4969-B305-E8CA648C697B}"
EndProject
Global
	GlobalSection(SolutionConfigurationPlatforms) = preSolution
		Debug|Any CPU = Debug|Any CPU
		EasyTest|Any CPU = EasyTest|Any CPU
		Release|Any CPU = Release|Any CPU
	EndGlobalSection
	GlobalSection(ProjectConfigurationPlatforms) = postSolution
		{4D17202F-93B8-42A8-A9D6-36EE979C230B}.Debug|Any CPU.ActiveCfg = Debug|Any CPU
		{4D17202F-93B8-42A8-A9D6-36EE979C230B}.Debug|Any CPU.Build.0 = Debug|Any CPU
		{4D17202F-93B8-42A8-A9D6-36EE979C230B}.EasyTest|Any CPU.ActiveCfg = EasyTest|Any CPU
		{4D17202F-93B8-42A8-A9D6-36EE979C230B}.EasyTest|Any CPU.Build.0 = EasyTest|Any CPU
		{4D17202F-93B8-42A8-A9D6-36EE979C230B}.Release|Any CPU.ActiveCfg = Release|Any CPU
		{4D17202F-93B8-42A8-A9D6-36EE979C230B}.Release|Any CPU.Build.0 = Release|Any CPU
		{629BF421-CA10-4969-B305-E8CA648C697B}.Debug|Any CPU.ActiveCfg = Debug|Any CPU
		{629BF421-CA10-4969-B305-E8CA648C697B}.Debug|Any CPU.Build.0 = Debug|Any CPU
		{629BF421-CA10-4969-B305-E8CA648C697B}.EasyTest|Any CPU.ActiveCfg = EasyTest|Any CPU
		{629BF421-CA10-4969-B305-E8CA648C697B}.EasyTest|Any CPU.Build.0 = EasyTest|Any CPU
		{629BF421-CA10-4969-B305-E8CA648C697B}.Release|Any CPU.ActiveCfg = Release|Any CPU
		{629BF421-CA10-4969-B305-E8CA648C697B}.Release|Any CPU.Build.0 = Release|Any CPU
	EndGlobalSection
	GlobalSection(SolutionProperties) = preSolution
		HideSolutionNode = FALSE
	EndGlobalSection
EndGlobal
